
Microsoft Visual Studio Solution File, Format Version 10.00
# Visual C++ Express 2008
Project("{8BC9CEB8-8B4A-11D0-8D11-00A0C91BC942}") = "Hyper-War", "Hyper-War\Hyper-War.vcproj", "{D32A9431-A5E4-412A-B1E0-3F910D341A6A}"
EndProject
Global
	GlobalSection(SolutionConfigurationPlatforms) = preSolution
		Debug|Win32 = Debug|Win32
		Release|Win32 = Release|Win32
	EndGlobalSection
	GlobalSection(ProjectConfigurationPlatforms) = postSolution
		{D32A9431-A5E4-412A-B1E0-3F910D341A6A}.Debug|Win32.ActiveCfg = Debug|Win32
		{D32A9431-A5E4-412A-B1E0-3F910D341A6A}.Debug|Win32.Build.0 = Debug|Win32
		{D32A9431-A5E4-412A-B1E0-3F910D341A6A}.Release|Win32.ActiveCfg = Release|Win32
		{D32A9431-A5E4-412A-B1E0-3F910D341A6A}.Release|Win32.Build.0 = Release|Win32
	EndGlobalSection
	GlobalSection(SolutionProperties) = preSolution
		HideSolutionNode = FALSE
	EndGlobalSection
EndGlobal
